
Microsoft Visual Studio Solution File, Format Version 12.00
# Visual Studio 15
VisualStudioVersion = 15.0.28307.168
MinimumVisualStudioVersion = 10.0.40219.1
Project("{262852C6-CD72-467D-83FE-5EEB1973A190}") = "workpaper", "workpaper\workpaper.jsproj", "{23ECE806-470D-4F9E-A208-A8F3DBBA87FB}"
EndProject
Global
	GlobalSection(SolutionConfigurationPlatforms) = preSolution
		Debug|Any CPU = Debug|Any CPU
		Debug|ARM = Debug|ARM
		Debug|ARM64 = Debug|ARM64
		Debug|x64 = Debug|x64
		Debug|x86 = Debug|x86
		Release|Any CPU = Release|Any CPU
		Release|ARM = Release|ARM
		Release|ARM64 = Release|ARM64
		Release|x64 = Release|x64
		Release|x86 = Release|x86
	EndGlobalSection
	GlobalSection(ProjectConfigurationPlatforms) = postSolution
		{23ECE806-470D-4F9E-A208-A8F3DBBA87FB}.Debug|Any CPU.ActiveCfg = Debug|Any CPU
		{23ECE806-470D-4F9E-A208-A8F3DBBA87FB}.Debug|Any CPU.Build.0 = Debug|Any CPU
		{23ECE806-470D-4F9E-A208-A8F3DBBA87FB}.Debug|Any CPU.Deploy.0 = Debug|Any CPU
		{23ECE806-470D-4F9E-A208-A8F3DBBA87FB}.Debug|ARM.ActiveCfg = Debug|ARM
		{23ECE806-470D-4F9E-A208-A8F3DBBA87FB}.Debug|ARM.Build.0 = Debug|ARM
		{23ECE806-470D-4F9E-A208-A8F3DBBA87FB}.Debug|ARM.Deploy.0 = Debug|ARM
		{23ECE806-470D-4F9E-A208-A8F3DBBA87FB}.Debug|ARM64.ActiveCfg = Debug|ARM64
		{23ECE806-470D-4F9E-A208-A8F3DBBA87FB}.Debug|ARM64.Build.0 = Debug|ARM64
		{23ECE806-470D-4F9E-A208-A8F3DBBA87FB}.Debug|ARM64.Deploy.0 = Debug|ARM64
		{23ECE806-470D-4F9E-A208-A8F3DBBA87FB}.Debug|x64.ActiveCfg = Debug|x64
		{23ECE806-470D-4F9E-A208-A8F3DBBA87FB}.Debug|x64.Build.0 = Debug|x64
		{23ECE806-470D-4F9E-A208-A8F3DBBA87FB}.Debug|x64.Deploy.0 = Debug|x64
		{23ECE806-470D-4F9E-A208-A8F3DBBA87FB}.Debug|x86.ActiveCfg = Debug|x86
		{23ECE806-470D-4F9E-A208-A8F3DBBA87FB}.Debug|x86.Build.0 = Debug|x86
		{23ECE806-470D-4F9E-A208-A8F3DBBA87FB}.Debug|x86.Deploy.0 = Debug|x86
		{23ECE806-470D-4F9E-A208-A8F3DBBA87FB}.Release|Any CPU.ActiveCfg = Release|Any CPU
		{23ECE806-470D-4F9E-A208-A8F3DBBA87FB}.Release|Any CPU.Build.0 = Release|Any CPU
		{23ECE806-470D-4F9E-A208-A8F3DBBA87FB}.Release|Any CPU.Deploy.0 = Release|Any CPU
		{23ECE806-470D-4F9E-A208-A8F3DBBA87FB}.Release|ARM.ActiveCfg = Release|ARM
		{23ECE806-470D-4F9E-A208-A8F3DBBA87FB}.Release|ARM.Build.0 = Release|ARM
		{23ECE806-470D-4F9E-A208-A8F3DBBA87FB}.Release|ARM.Deploy.0 = Release|ARM
		{23ECE806-470D-4F9E-A208-A8F3DBBA87FB}.Release|ARM64.ActiveCfg = Release|ARM64
		{23ECE806-470D-4F9E-A208-A8F3DBBA87FB}.Release|ARM64.Build.0 = Release|ARM64
		{23ECE806-470D-4F9E-A208-A8F3DBBA87FB}.Release|ARM64.Deploy.0 = Release|ARM64
		{23ECE806-470D-4F9E-A208-A8F3DBBA87FB}.Release|x64.ActiveCfg = Release|x64
		{23ECE806-470D-4F9E-A208-A8F3DBBA87FB}.Release|x64.Build.0 = Release|x64
		{23ECE806-470D-4F9E-A208-A8F3DBBA87FB}.Release|x64.Deploy.0 = Release|x64
		{23ECE806-470D-4F9E-A208-A8F3DBBA87FB}.Release|x86.ActiveCfg = Release|x86
		{23ECE806-470D-4F9E-A208-A8F3DBBA87FB}.Release|x86.Build.0 = Release|x86
		{23ECE806-470D-4F9E-A208-A8F3DBBA87FB}.Release|x86.Deploy.0 = Release|x86
	EndGlobalSection
	GlobalSection(SolutionProperties) = preSolution
		HideSolutionNode = FALSE
	EndGlobalSection
	GlobalSection(ExtensibilityGlobals) = postSolution
		SolutionGuid = {784DB581-F2A1-456D-BC5A-0ED6C09D1121}
	EndGlobalSection
EndGlobal
